// !$*UTF8*$!
{
	archiveVersion = 1;
	classes = {
	};
	objectVersion = 46;
	objects = {

/* Begin PBXBuildFile section */
		2203CF031F17491C0045E2E1 /* AppDelegate.swift in Sources */ = {isa = PBXBuildFile; fileRef = 2203CF021F17491C0045E2E1 /* AppDelegate.swift */; };
		2203CF051F17491C0045E2E1 /* ViewController.swift in Sources */ = {isa = PBXBuildFile; fileRef = 2203CF041F17491C0045E2E1 /* ViewController.swift */; };
		2203CF081F17491C0045E2E1 /* Main.storyboard in Resources */ = {isa = PBXBuildFile; fileRef = 2203CF061F17491C0045E2E1 /* Main.storyboard */; };
		2203CF0A1F17491C0045E2E1 /* Assets.xcassets in Resources */ = {isa = PBXBuildFile; fileRef = 2203CF091F17491C0045E2E1 /* Assets.xcassets */; };
		2203CF0D1F17491C0045E2E1 /* LaunchScreen.storyboard in Resources */ = {isa = PBXBuildFile; fileRef = 2203CF0B1F17491C0045E2E1 /* LaunchScreen.storyboard */; };
		2203CF151F1749600045E2E1 /* someJSON.txt in Resources */ = {isa = PBXBuildFile; fileRef = 2203CF141F1749600045E2E1 /* someJSON.txt */; };
/* End PBXBuildFile section */

/* Begin PBXFileReference section */
		2203CEFF1F17491C0045E2E1 /* Callback Practice.app */ = {isa = PBXFileReference; explicitFileType = wrapper.application; includeInIndex = 0; path = "Callback Practice.app"; sourceTree = BUILT_PRODUCTS_DIR; };
		2203CF021F17491C0045E2E1 /* AppDelegate.swift */ = {isa = PBXFileReference; lastKnownFileType = sourcecode.swift; path = AppDelegate.swift; sourceTree = "<group>"; };
		2203CF041F17491C0045E2E1 /* ViewController.swift */ = {isa = PBXFileReference; lastKnownFileType = sourcecode.swift; path = ViewController.swift; sourceTree = "<group>"; };
		2203CF071F17491C0045E2E1 /* Base */ = {isa = PBXFileReference; lastKnownFileType = file.storyboard; name = Base; path = Base.lproj/Main.storyboard; sourceTree = "<group>"; };
		2203CF091F17491C0045E2E1 /* Assets.xcassets */ = {isa = PBXFileReference; lastKnownFileType = folder.assetcatalog; path = Assets.xcassets; sourceTree = "<group>"; };
		2203CF0C1F17491C0045E2E1 /* Base */ = {isa = PBXFileReference; lastKnownFileType = file.storyboard; name = Base; path = Base.lproj/LaunchScreen.storyboard; sourceTree = "<group>"; };
		2203CF0E1F17491C0045E2E1 /* Info.plist */ = {isa = PBXFileReference; lastKnownFileType = text.plist.xml; path = Info.plist; sourceTree = "<group>"; };
		2203CF141F1749600045E2E1 /* someJSON.txt */ = {isa = PBXFileReference; fileEncoding = 4; lastKnownFileType = text; path = someJSON.txt; sourceTree = "<group>"; };
/* End PBXFileReference section */

/* Begin PBXFrameworksBuildPhase section */
		2203CEFC1F17491C0045E2E1 /* Frameworks */ = {
			isa = PBXFrameworksBuildPhase;
			buildActionMask = 2147483647;
			files = (
			);
			runOnlyForDeploymentPostprocessing = 0;
		};
/* End PBXFrameworksBuildPhase section */

/* Begin PBXGroup section */
		2203CEF61F17491C0045E2E1 = {
			isa = PBXGroup;
			children = (
				2203CF011F17491C0045E2E1 /* Callback Practice */,
				2203CF001F17491C0045E2E1 /* Products */,
			);
			sourceTree = "<group>";
		};
		2203CF001F17491C0045E2E1 /* Products */ = {
			isa = PBXGroup;
			children = (
				2203CEFF1F17491C0045E2E1 /* Callback Practice.app */,
			);
			name = Products;
			sourceTree = "<group>";
		};
		2203CF011F17491C0045E2E1 /* Callback Practice */ = {
			isa = PBXGroup;
			children = (
				2203CF141F1749600045E2E1 /* someJSON.txt */,
				2203CF021F17491C0045E2E1 /* AppDelegate.swift */,
				2203CF041F17491C0045E2E1 /* ViewController.swift */,
				2203CF061F17491C0045E2E1 /* Main.storyboard */,
				2203CF091F17491C0045E2E1 /* Assets.xcassets */,
				2203CF0B1F17491C0045E2E1 /* LaunchScreen.storyboard */,
				2203CF0E1F17491C0045E2E1 /* Info.plist */,
			);
			path = "Callback Practice";
			sourceTree = "<group>";
		};
/* End PBXGroup section */

/* Begin PBXNativeTarget section */
		2203CEFE1F17491C0045E2E1 /* Callback Practice */ = {
			isa = PBXNativeTarget;
			buildConfigurationList = 2203CF111F17491C0045E2E1 /* Build configuration list for PBXNativeTarget "Callback Practice" */;
			buildPhases = (
				2203CEFB1F17491C0045E2E1 /* Sources */,
				2203CEFC1F17491C0045E2E1 /* Frameworks */,
				2203CEFD1F17491C0045E2E1 /* Resources */,
			);
			buildRules = (
			);
			dependencies = (
			);
			name = "Callback Practice";
			productName = "Callback Practice";
			productReference = 2203CEFF1F17491C0045E2E1 /* Callback Practice.app */;
			productType = "com.apple.product-type.application";
		};
/* End PBXNativeTarget section */

/* Begin PBXProject section */
		2203CEF71F17491C0045E2E1 /* Project object */ = {
			isa = PBXProject;
			attributes = {
				LastSwiftUpdateCheck = 0830;
				LastUpgradeCheck = 0830;
				ORGANIZATIONNAME = "Shaan Mirchandani";
				TargetAttributes = {
					2203CEFE1F17491C0045E2E1 = {
						CreatedOnToolsVersion = 8.3.3;
						ProvisioningStyle = Automatic;
					};
				};
			};
			buildConfigurationList = 2203CEFA1F17491C0045E2E1 /* Build configuration list for PBXProject "Callback Practice" */;
			compatibilityVersion = "Xcode 3.2";
			developmentRegion = English;
			hasScannedForEncodings = 0;
			knownRegions = (
				en,
				Base,
			);
			mainGroup = 2203CEF61F17491C0045E2E1;
			productRefGroup = 2203CF001F17491C0045E2E1 /* Products */;
			projectDirPath = "";
			projectRoot = "";
			targets = (
				2203CEFE1F17491C0045E2E1 /* Callback Practice */,
			);
		};
/* End PBXProject section */

/* Begin PBXResourcesBuildPhase section */
		2203CEFD1F17491C0045E2E1 /* Resources */ = {
			isa = PBXResourcesBuildPhase;
			buildActionMask = 2147483647;
			files = (
				2203CF151F1749600045E2E1 /* someJSON.txt in Resources */,
				2203CF0D1F17491C0045E2E1 /* LaunchScreen.storyboard in Resources */,
				2203CF0A1F17491C0045E2E1 /* Assets.xcassets in Resources */,
				2203CF081F17491C0045E2E1 /* Main.storyboard in Resources */,
			);
			runOnlyForDeploymentPostprocessing = 0;
		};
/* End PBXResourcesBuildPhase section */

/* Begin PBXSourcesBuildPhase section */
		2203CEFB1F17491C0045E2E1 /* Sources */ = {
			isa = PBXSourcesBuildPhase;
			buildActionMask = 2147483647;
			files = (
				2203CF051F17491C0045E2E1 /* ViewController.swift in Sources */,
				2203CF031F17491C0045E2E1 /* AppDelegate.swift in Sources */,
			);
			runOnlyForDeploymentPostprocessing = 0;
		};
/* End PBXSourcesBuildPhase section */

/* Begin PBXVariantGroup section */
		2203CF061F17491C0045E2E1 /* Main.storyboard */ = {
			isa = PBXVariantGroup;
			children = (
				2203CF071F17491C0045E2E1 /* Base */,
			);
			name = Main.storyboard;
			sourceTree = "<group>";
		};
		2203CF0B1F17491C0045E2E1 /* LaunchScreen.storyboard */ = {
			isa = PBXVariantGroup;
			children = (
				2203CF0C1F17491C0045E2E1 /* Base */,
			);
			name = LaunchScreen.storyboard;
			sourceTree = "<group>";
		};
/* End PBXVariantGroup section */

/* Begin XCBuildConfiguration section */
		2203CF0F1F17491C0045E2E1 /* Debug */ = {
			isa = XCBuildConfiguration;
			buildSettings = {
				ALWAYS_SEARCH_USER_PATHS = NO;
				CLANG_ANALYZER_NONNULL = YES;
				CLANG_ANALYZER_NUMBER_OBJECT_CONVERSION = YES_AGGRESSIVE;
				CLANG_CXX_LANGUAGE_STANDARD = "gnu++0x";
				CLANG_CXX_LIBRARY = "libc++";
				CLANG_ENABLE_MODULES = YES;
				CLANG_ENABLE_OBJC_ARC = YES;
				CLANG_WARN_BOOL_CONVERSION = YES;
				CLANG_WARN_CONSTANT_CONVERSION = YES;
				CLANG_WARN_DIRECT_OBJC_ISA_USAGE = YES_ERROR;
				CLANG_WARN_DOCUMENTATION_COMMENTS = YES;
				CLANG_WARN_EMPTY_BODY = YES;
				CLANG_WARN_ENUM_CONVERSION = YES;
				CLANG_WARN_INFINITE_RECURSION = YES;
				CLANG_WARN_INT_CONVERSION = YES;
				CLANG_WARN_OBJC_ROOT_CLASS = YES_ERROR;
				CLANG_WARN_SUSPICIOUS_MOVE = YES;
				CLANG_WARN_UNREACHABLE_CODE = YES;
				CLANG_WARN__DUPLICATE_METHOD_MATCH = YES;
				"CODE_SIGN_IDENTITY[sdk=iphoneos*]" = "iPhone Developer";
				COPY_PHASE_STRIP = NO;
				DEBUG_INFORMATION_FORMAT = dwarf;
				ENABLE_STRICT_OBJC_MSGSEND = YES;
				ENABLE_TESTABILITY = YES;
				GCC_C_LANGUAGE_STANDARD = gnu99;
				GCC_DYNAMIC_NO_PIC = NO;
				GCC_NO_COMMON_BLOCKS = YES;
				GCC_OPTIMIZATION_LEVEL = 0;
				GCC_PREPROCESSOR_DEFINITIONS = (
					"DEBUG=1",
					"$(inherited)",
				);
				GCC_WARN_64_TO_32_BIT_CONVERSION = YES;
				GCC_WARN_ABOUT_RETURN_TYPE = YES_ERROR;
				GCC_WARN_UNDECLARED_SELECTOR = YES;
				GCC_WARN_UNINITIALIZED_AUTOS = YES_AGGRESSIVE;
				GCC_WARN_UNUSED_FUNCTION = YES;
				GCC_WARN_UNUSED_VARIABLE = YES;
				IPHONEOS_DEPLOYMENT_TARGET = 10.3;
				MTL_ENABLE_DEBUG_INFO = YES;
				ONLY_ACTIVE_ARCH = YES;
				SDKROOT = iphoneos;
				SWIFT_ACTIVE_COMPILATION_CONDITIONS = DEBUG;
				SWIFT_OPTIMIZATION_LEVEL = "-Onone";
				TARGETED_DEVICE_FAMILY = "1,2";
			};
			name = Debug;
		};
		2203CF101F17491C0045E2E1 /* Release */ = {
			isa = XCBuildConfiguration;
			buildSettings = {
				ALWAYS_SEARCH_USER_PATHS = NO;
				CLANG_ANALYZER_NONNULL = YES;
				CLANG_ANALYZER_NUMBER_OBJECT_CONVERSION = YES_AGGRESSIVE;
				CLANG_CXX_LANGUAGE_STANDARD = "gnu++0x";
				CLANG_CXX_LIBRARY = "libc++";
				CLANG_ENABLE_MODULES = YES;
				CLANG_ENABLE_OBJC_ARC = YES;
				CLANG_WARN_BOOL_CONVERSION = YES;
				CLANG_WARN_CONSTANT_CONVERSION = YES;
				CLANG_WARN_DIRECT_OBJC_ISA_USAGE = YES_ERROR;
				CLANG_WARN_DOCUMENTATION_COMMENTS = YES;
				CLANG_WARN_EMPTY_BODY = YES;
				CLANG_WARN_ENUM_CONVERSION = YES;
				CLANG_WARN_INFINITE_RECURSION = YES;
				CLANG_WARN_INT_CONVERSION = YES;
				CLANG_WARN_OBJC_ROOT_CLASS = YES_ERROR;
				CLANG_WARN_SUSPICIOUS_MOVE = YES;
				CLANG_WARN_UNREACHABLE_CODE = YES;
				CLANG_WARN__DUPLICATE_METHOD_MATCH = YES;
				"CODE_SIGN_IDENTITY[sdk=iphoneos*]" = "iPhone Developer";
				COPY_PHASE_STRIP = NO;
				DEBUG_INFORMATION_FORMAT = "dwarf-with-dsym";
				ENABLE_NS_ASSERTIONS = NO;
				ENABLE_STRICT_OBJC_MSGSEND = YES;
				GCC_C_LANGUAGE_STANDARD = gnu99;
				GCC_NO_COMMON_BLOCKS = YES;
				GCC_WARN_64_TO_32_BIT_CONVERSION = YES;
				GCC_WARN_ABOUT_RETURN_TYPE = YES_ERROR;
				GCC_WARN_UNDECLARED_SELECTOR = YES;
				GCC_WARN_UNINITIALIZED_AUTOS = YES_AGGRESSIVE;
				GCC_WARN_UNUSED_FUNCTION = YES;
				GCC_WARN_UNUSED_VARIABLE = YES;
				IPHONEOS_DEPLOYMENT_TARGET = 10.3;
				MTL_ENABLE_DEBUG_INFO = NO;
				SDKROOT = iphoneos;
				SWIFT_OPTIMIZATION_LEVEL = "-Owholemodule";
				TARGETED_DEVICE_FAMILY = "1,2";
				VALIDATE_PRODUCT = YES;
			};
			name = Release;
		};
		2203CF121F17491C0045E2E1 /* Debug */ = {
			isa = XCBuildConfiguration;
			buildSettings = {
				ASSETCATALOG_COMPILER_APPICON_NAME = AppIcon;
				INFOPLIST_FILE = "Callback Practice/Info.plist";
				LD_RUNPATH_SEARCH_PATHS = "$(inherited) @executable_path/Frameworks";
				PRODUCT_BUNDLE_IDENTIFIER = "s.Callback-Practice";
				PRODUCT_NAME = "$(TARGET_NAME)";
				SWIFT_VERSION = 3.0;
			};
			name = Debug;
		};
		2203CF131F17491C0045E2E1 /* Release */ = {
			isa = XCBuildConfiguration;
			buildSettings = {
				ASSETCATALOG_COMPILER_APPICON_NAME = AppIcon;
				INFOPLIST_FILE = "Callback Practice/Info.plist";
				LD_RUNPATH_SEARCH_PATHS = "$(inherited) @executable_path/Frameworks";
				PRODUCT_BUNDLE_IDENTIFIER = "s.Callback-Practice";
				PRODUCT_NAME = "$(TARGET_NAME)";
				SWIFT_VERSION = 3.0;
			};
			name = Release;
		};
/* End XCBuildConfiguration section */

/* Begin XCConfigurationList section */
		2203CEFA1F17491C0045E2E1 /* Build configuration list for PBXProject "Callback Practice" */ = {
			isa = XCConfigurationList;
			buildConfigurations = (
				2203CF0F1F17491C0045E2E1 /* Debug */,
				2203CF101F17491C0045E2E1 /* Release */,
			);
			defaultConfigurationIsVisible = 0;
			defaultConfigurationName = Release;
		};
		2203CF111F17491C0045E2E1 /* Build configuration list for PBXNativeTarget "Callback Practice" */ = {
			isa = XCConfigurationList;
			buildConfigurations = (
				2203CF121F17491C0045E2E1 /* Debug */,
				2203CF131F17491C0045E2E1 /* Release */,
			);
			defaultConfigurationIsVisible = 0;
		};
/* End XCConfigurationList section */
	};
	rootObject = 2203CEF71F17491C0045E2E1 /* Project object */;
}
